// !$*UTF8*$!
{
	archiveVersion = 1;
	classes = {
	};
	objectVersion = 56;
	objects = {

/* Begin PBXBuildFile section */
		3799B37F2BFE0E7F00FE14B0 /* AppDelegate.swift in Sources */ = {isa = PBXBuildFile; fileRef = 3799B37E2BFE0E7F00FE14B0 /* AppDelegate.swift */; };
		3799B3812BFE0E7F00FE14B0 /* SceneDelegate.swift in Sources */ = {isa = PBXBuildFile; fileRef = 3799B3802BFE0E7F00FE14B0 /* SceneDelegate.swift */; };
		3799B3832BFE0E7F00FE14B0 /* ViewController.swift in Sources */ = {isa = PBXBuildFile; fileRef = 3799B3822BFE0E7F00FE14B0 /* ViewController.swift */; };
		3799B3862BFE0E8000FE14B0 /* Main.storyboard in Resources */ = {isa = PBXBuildFile; fileRef = 3799B3842BFE0E8000FE14B0 /* Main.storyboard */; };
		3799B3882BFE0E8100FE14B0 /* Assets.xcassets in Resources */ = {isa = PBXBuildFile; fileRef = 3799B3872BFE0E8100FE14B0 /* Assets.xcassets */; };
		3799B38B2BFE0E8100FE14B0 /* LaunchScreen.storyboard in Resources */ = {isa = PBXBuildFile; fileRef = 3799B3892BFE0E8100FE14B0 /* LaunchScreen.storyboard */; };
		3799B3962BFE0E8100FE14B0 /* weather_appTests.swift in Sources */ = {isa = PBXBuildFile; fileRef = 3799B3952BFE0E8100FE14B0 /* weather_appTests.swift */; };
		3799B3A02BFE0E8100FE14B0 /* weather_appUITests.swift in Sources */ = {isa = PBXBuildFile; fileRef = 3799B39F2BFE0E8100FE14B0 /* weather_appUITests.swift */; };
		3799B3A22BFE0E8100FE14B0 /* weather_appUITestsLaunchTests.swift in Sources */ = {isa = PBXBuildFile; fileRef = 3799B3A12BFE0E8100FE14B0 /* weather_appUITestsLaunchTests.swift */; };
/* End PBXBuildFile section */

/* Begin PBXContainerItemProxy section */
		3799B3922BFE0E8100FE14B0 /* PBXContainerItemProxy */ = {
			isa = PBXContainerItemProxy;
			containerPortal = 3799B3732BFE0E7F00FE14B0 /* Project object */;
			proxyType = 1;
			remoteGlobalIDString = 3799B37A2BFE0E7F00FE14B0;
			remoteInfo = "weather app";
		};
		3799B39C2BFE0E8100FE14B0 /* PBXContainerItemProxy */ = {
			isa = PBXContainerItemProxy;
			containerPortal = 3799B3732BFE0E7F00FE14B0 /* Project object */;
			proxyType = 1;
			remoteGlobalIDString = 3799B37A2BFE0E7F00FE14B0;
			remoteInfo = "weather app";
		};
/* End PBXContainerItemProxy section */

/* Begin PBXFileReference section */
		3799B37B2BFE0E7F00FE14B0 /* weather app.app */ = {isa = PBXFileReference; explicitFileType = wrapper.application; includeInIndex = 0; path = "weather app.app"; sourceTree = BUILT_PRODUCTS_DIR; };
		3799B37E2BFE0E7F00FE14B0 /* AppDelegate.swift */ = {isa = PBXFileReference; lastKnownFileType = sourcecode.swift; path = AppDelegate.swift; sourceTree = "<group>"; };
		3799B3802BFE0E7F00FE14B0 /* SceneDelegate.swift */ = {isa = PBXFileReference; lastKnownFileType = sourcecode.swift; path = SceneDelegate.swift; sourceTree = "<group>"; };
		3799B3822BFE0E7F00FE14B0 /* ViewController.swift */ = {isa = PBXFileReference; lastKnownFileType = sourcecode.swift; path = ViewController.swift; sourceTree = "<group>"; };
		3799B3852BFE0E8000FE14B0 /* Base */ = {isa = PBXFileReference; lastKnownFileType = file.storyboard; name = Base; path = Base.lproj/Main.storyboard; sourceTree = "<group>"; };
		3799B3872BFE0E8100FE14B0 /* Assets.xcassets */ = {isa = PBXFileReference; lastKnownFileType = folder.assetcatalog; path = Assets.xcassets; sourceTree = "<group>"; };
		3799B38A2BFE0E8100FE14B0 /* Base */ = {isa = PBXFileReference; lastKnownFileType = file.storyboard; name = Base; path = Base.lproj/LaunchScreen.storyboard; sourceTree = "<group>"; };
		3799B38C2BFE0E8100FE14B0 /* Info.plist */ = {isa = PBXFileReference; lastKnownFileType = text.plist.xml; path = Info.plist; sourceTree = "<group>"; };
		3799B3912BFE0E8100FE14B0 /* weather appTests.xctest */ = {isa = PBXFileReference; explicitFileType = wrapper.cfbundle; includeInIndex = 0; path = "weather appTests.xctest"; sourceTree = BUILT_PRODUCTS_DIR; };
		3799B3952BFE0E8100FE14B0 /* weather_appTests.swift */ = {isa = PBXFileReference; lastKnownFileType = sourcecode.swift; path = weather_appTests.swift; sourceTree = "<group>"; };
		3799B39B2BFE0E8100FE14B0 /* weather appUITests.xctest */ = {isa = PBXFileReference; explicitFileType = wrapper.cfbundle; includeInIndex = 0; path = "weather appUITests.xctest"; sourceTree = BUILT_PRODUCTS_DIR; };
		3799B39F2BFE0E8100FE14B0 /* weather_appUITests.swift */ = {isa = PBXFileReference; lastKnownFileType = sourcecode.swift; path = weather_appUITests.swift; sourceTree = "<group>"; };
		3799B3A12BFE0E8100FE14B0 /* weather_appUITestsLaunchTests.swift */ = {isa = PBXFileReference; lastKnownFileType = sourcecode.swift; path = weather_appUITestsLaunchTests.swift; sourceTree = "<group>"; };
/* End PBXFileReference section */

/* Begin PBXFrameworksBuildPhase section */
		3799B3782BFE0E7F00FE14B0 /* Frameworks */ = {
			isa = PBXFrameworksBuildPhase;
			buildActionMask = 2147483647;
			files = (
			);
			runOnlyForDeploymentPostprocessing = 0;
		};
		3799B38E2BFE0E8100FE14B0 /* Frameworks */ = {
			isa = PBXFrameworksBuildPhase;
			buildActionMask = 2147483647;
			files = (
			);
			runOnlyForDeploymentPostprocessing = 0;
		};
		3799B3982BFE0E8100FE14B0 /* Frameworks */ = {
			isa = PBXFrameworksBuildPhase;
			buildActionMask = 2147483647;
			files = (
			);
			runOnlyForDeploymentPostprocessing = 0;
		};
/* End PBXFrameworksBuildPhase section */

/* Begin PBXGroup section */
		3799B3722BFE0E7F00FE14B0 = {
			isa = PBXGroup;
			children = (
				3799B37D2BFE0E7F00FE14B0 /* weather app */,
				3799B3942BFE0E8100FE14B0 /* weather appTests */,
				3799B39E2BFE0E8100FE14B0 /* weather appUITests */,
				3799B37C2BFE0E7F00FE14B0 /* Products */,
			);
			sourceTree = "<group>";
		};
		3799B37C2BFE0E7F00FE14B0 /* Products */ = {
			isa = PBXGroup;
			children = (
				3799B37B2BFE0E7F00FE14B0 /* weather app.app */,
				3799B3912BFE0E8100FE14B0 /* weather appTests.xctest */,
				3799B39B2BFE0E8100FE14B0 /* weather appUITests.xctest */,
			);
			name = Products;
			sourceTree = "<group>";
		};
		3799B37D2BFE0E7F00FE14B0 /* weather app */ = {
			isa = PBXGroup;
			children = (
				3799B37E2BFE0E7F00FE14B0 /* AppDelegate.swift */,
				3799B3802BFE0E7F00FE14B0 /* SceneDelegate.swift */,
				3799B3822BFE0E7F00FE14B0 /* ViewController.swift */,
				3799B3842BFE0E8000FE14B0 /* Main.storyboard */,
				3799B3872BFE0E8100FE14B0 /* Assets.xcassets */,
				3799B3892BFE0E8100FE14B0 /* LaunchScreen.storyboard */,
				3799B38C2BFE0E8100FE14B0 /* Info.plist */,
			);
			path = "weather app";
			sourceTree = "<group>";
		};
		3799B3942BFE0E8100FE14B0 /* weather appTests */ = {
			isa = PBXGroup;
			children = (
				3799B3952BFE0E8100FE14B0 /* weather_appTests.swift */,
			);
			path = "weather appTests";
			sourceTree = "<group>";
		};
		3799B39E2BFE0E8100FE14B0 /* weather appUITests */ = {
			isa = PBXGroup;
			children = (
				3799B39F2BFE0E8100FE14B0 /* weather_appUITests.swift */,
				3799B3A12BFE0E8100FE14B0 /* weather_appUITestsLaunchTests.swift */,
			);
			path = "weather appUITests";
			sourceTree = "<group>";
		};
/* End PBXGroup section */

/* Begin PBXNativeTarget section */
		3799B37A2BFE0E7F00FE14B0 /* weather app */ = {
			isa = PBXNativeTarget;
			buildConfigurationList = 3799B3A52BFE0E8100FE14B0 /* Build configuration list for PBXNativeTarget "weather app" */;
			buildPhases = (
				3799B3772BFE0E7F00FE14B0 /* Sources */,
				3799B3782BFE0E7F00FE14B0 /* Frameworks */,
				3799B3792BFE0E7F00FE14B0 /* Resources */,
			);
			buildRules = (
			);
			dependencies = (
			);
			name = "weather app";
			productName = "weather app";
			productReference = 3799B37B2BFE0E7F00FE14B0 /* weather app.app */;
			productType = "com.apple.product-type.application";
		};
		3799B3902BFE0E8100FE14B0 /* weather appTests */ = {
			isa = PBXNativeTarget;
			buildConfigurationList = 3799B3A82BFE0E8100FE14B0 /* Build configuration list for PBXNativeTarget "weather appTests" */;
			buildPhases = (
				3799B38D2BFE0E8100FE14B0 /* Sources */,
				3799B38E2BFE0E8100FE14B0 /* Frameworks */,
				3799B38F2BFE0E8100FE14B0 /* Resources */,
			);
			buildRules = (
			);
			dependencies = (
				3799B3932BFE0E8100FE14B0 /* PBXTargetDependency */,
			);
			name = "weather appTests";
			productName = "weather appTests";
			productReference = 3799B3912BFE0E8100FE14B0 /* weather appTests.xctest */;
			productType = "com.apple.product-type.bundle.unit-test";
		};
		3799B39A2BFE0E8100FE14B0 /* weather appUITests */ = {
			isa = PBXNativeTarget;
			buildConfigurationList = 3799B3AB2BFE0E8100FE14B0 /* Build configuration list for PBXNativeTarget "weather appUITests" */;
			buildPhases = (
				3799B3972BFE0E8100FE14B0 /* Sources */,
				3799B3982BFE0E8100FE14B0 /* Frameworks */,
				3799B3992BFE0E8100FE14B0 /* Resources */,
			);
			buildRules = (
			);
			dependencies = (
				3799B39D2BFE0E8100FE14B0 /* PBXTargetDependency */,
			);
			name = "weather appUITests";
			productName = "weather appUITests";
			productReference = 3799B39B2BFE0E8100FE14B0 /* weather appUITests.xctest */;
			productType = "com.apple.product-type.bundle.ui-testing";
		};
/* End PBXNativeTarget section */

/* Begin PBXProject section */
		3799B3732BFE0E7F00FE14B0 /* Project object */ = {
			isa = PBXProject;
			attributes = {
				BuildIndependentTargetsInParallel = 1;
				LastSwiftUpdateCheck = 1520;
				LastUpgradeCheck = 1520;
				TargetAttributes = {
					3799B37A2BFE0E7F00FE14B0 = {
						CreatedOnToolsVersion = 15.2;
					};
					3799B3902BFE0E8100FE14B0 = {
						CreatedOnToolsVersion = 15.2;
						TestTargetID = 3799B37A2BFE0E7F00FE14B0;
					};
					3799B39A2BFE0E8100FE14B0 = {
						CreatedOnToolsVersion = 15.2;
						TestTargetID = 3799B37A2BFE0E7F00FE14B0;
					};
				};
			};
			buildConfigurationList = 3799B3762BFE0E7F00FE14B0 /* Build configuration list for PBXProject "weather app" */;
			compatibilityVersion = "Xcode 14.0";
			developmentRegion = en;
			hasScannedForEncodings = 0;
			knownRegions = (
				en,
				Base,
			);
			mainGroup = 3799B3722BFE0E7F00FE14B0;
			productRefGroup = 3799B37C2BFE0E7F00FE14B0 /* Products */;
			projectDirPath = "";
			projectRoot = "";
			targets = (
				3799B37A2BFE0E7F00FE14B0 /* weather app */,
				3799B3902BFE0E8100FE14B0 /* weather appTests */,
				3799B39A2BFE0E8100FE14B0 /* weather appUITests */,
			);
		};
/* End PBXProject section */

/* Begin PBXResourcesBuildPhase section */
		3799B3792BFE0E7F00FE14B0 /* Resources */ = {
			isa = PBXResourcesBuildPhase;
			buildActionMask = 2147483647;
			files = (
				3799B38B2BFE0E8100FE14B0 /* LaunchScreen.storyboard in Resources */,
				3799B3882BFE0E8100FE14B0 /* Assets.xcassets in Resources */,
				3799B3862BFE0E8000FE14B0 /* Main.storyboard in Resources */,
			);
			runOnlyForDeploymentPostprocessing = 0;
		};
		3799B38F2BFE0E8100FE14B0 /* Resources */ = {
			isa = PBXResourcesBuildPhase;
			buildActionMask = 2147483647;
			files = (
			);
			runOnlyForDeploymentPostprocessing = 0;
		};
		3799B3992BFE0E8100FE14B0 /* Resources */ = {
			isa = PBXResourcesBuildPhase;
			buildActionMask = 2147483647;
			files = (
			);
			runOnlyForDeploymentPostprocessing = 0;
		};
/* End PBXResourcesBuildPhase section */

/* Begin PBXSourcesBuildPhase section */
		3799B3772BFE0E7F00FE14B0 /* Sources */ = {
			isa = PBXSourcesBuildPhase;
			buildActionMask = 2147483647;
			files = (
				3799B3832BFE0E7F00FE14B0 /* ViewController.swift in Sources */,
				3799B37F2BFE0E7F00FE14B0 /* AppDelegate.swift in Sources */,
				3799B3812BFE0E7F00FE14B0 /* SceneDelegate.swift in Sources */,
			);
			runOnlyForDeploymentPostprocessing = 0;
		};
		3799B38D2BFE0E8100FE14B0 /* Sources */ = {
			isa = PBXSourcesBuildPhase;
			buildActionMask = 2147483647;
			files = (
				3799B3962BFE0E8100FE14B0 /* weather_appTests.swift in Sources */,
			);
			runOnlyForDeploymentPostprocessing = 0;
		};
		3799B3972BFE0E8100FE14B0 /* Sources */ = {
			isa = PBXSourcesBuildPhase;
			buildActionMask = 2147483647;
			files = (
				3799B3A02BFE0E8100FE14B0 /* weather_appUITests.swift in Sources */,
				3799B3A22BFE0E8100FE14B0 /* weather_appUITestsLaunchTests.swift in Sources */,
			);
			runOnlyForDeploymentPostprocessing = 0;
		};
/* End PBXSourcesBuildPhase section */

/* Begin PBXTargetDependency section */
		3799B3932BFE0E8100FE14B0 /* PBXTargetDependency */ = {
			isa = PBXTargetDependency;
			target = 3799B37A2BFE0E7F00FE14B0 /* weather app */;
			targetProxy = 3799B3922BFE0E8100FE14B0 /* PBXContainerItemProxy */;
		};
		3799B39D2BFE0E8100FE14B0 /* PBXTargetDependency */ = {
			isa = PBXTargetDependency;
			target = 3799B37A2BFE0E7F00FE14B0 /* weather app */;
			targetProxy = 3799B39C2BFE0E8100FE14B0 /* PBXContainerItemProxy */;
		};
/* End PBXTargetDependency section */

/* Begin PBXVariantGroup section */
		3799B3842BFE0E8000FE14B0 /* Main.storyboard */ = {
			isa = PBXVariantGroup;
			children = (
				3799B3852BFE0E8000FE14B0 /* Base */,
			);
			name = Main.storyboard;
			sourceTree = "<group>";
		};
		3799B3892BFE0E8100FE14B0 /* LaunchScreen.storyboard */ = {
			isa = PBXVariantGroup;
			children = (
				3799B38A2BFE0E8100FE14B0 /* Base */,
			);
			name = LaunchScreen.storyboard;
			sourceTree = "<group>";
		};
/* End PBXVariantGroup section */

/* Begin XCBuildConfiguration section */
		3799B3A32BFE0E8100FE14B0 /* Debug */ = {
			isa = XCBuildConfiguration;
			buildSettings = {
				ALWAYS_SEARCH_USER_PATHS = NO;
				ASSETCATALOG_COMPILER_GENERATE_SWIFT_ASSET_SYMBOL_EXTENSIONS = YES;
				CLANG_ANALYZER_NONNULL = YES;
				CLANG_ANALYZER_NUMBER_OBJECT_CONVERSION = YES_AGGRESSIVE;
				CLANG_CXX_LANGUAGE_STANDARD = "gnu++20";
				CLANG_ENABLE_MODULES = YES;
				CLANG_ENABLE_OBJC_ARC = YES;
				CLANG_ENABLE_OBJC_WEAK = YES;
				CLANG_WARN_BLOCK_CAPTURE_AUTORELEASING = YES;
				CLANG_WARN_BOOL_CONVERSION = YES;
				CLANG_WARN_COMMA = YES;
				CLANG_WARN_CONSTANT_CONVERSION = YES;
				CLANG_WARN_DEPRECATED_OBJC_IMPLEMENTATIONS = YES;
				CLANG_WARN_DIRECT_OBJC_ISA_USAGE = YES_ERROR;
				CLANG_WARN_DOCUMENTATION_COMMENTS = YES;
				CLANG_WARN_EMPTY_BODY = YES;
				CLANG_WARN_ENUM_CONVERSION = YES;
				CLANG_WARN_INFINITE_RECURSION = YES;
				CLANG_WARN_INT_CONVERSION = YES;
				CLANG_WARN_NON_LITERAL_NULL_CONVERSION = YES;
				CLANG_WARN_OBJC_IMPLICIT_RETAIN_SELF = YES;
				CLANG_WARN_OBJC_LITERAL_CONVERSION = YES;
				CLANG_WARN_OBJC_ROOT_CLASS = YES_ERROR;
				CLANG_WARN_QUOTED_INCLUDE_IN_FRAMEWORK_HEADER = YES;
				CLANG_WARN_RANGE_LOOP_ANALYSIS = YES;
				CLANG_WARN_STRICT_PROTOTYPES = YES;
				CLANG_WARN_SUSPICIOUS_MOVE = YES;
				CLANG_WARN_UNGUARDED_AVAILABILITY = YES_AGGRESSIVE;
				CLANG_WARN_UNREACHABLE_CODE = YES;
				CLANG_WARN__DUPLICATE_METHOD_MATCH = YES;
				COPY_PHASE_STRIP = NO;
				DEBUG_INFORMATION_FORMAT = dwarf;
				ENABLE_STRICT_OBJC_MSGSEND = YES;
				ENABLE_TESTABILITY = YES;
				ENABLE_USER_SCRIPT_SANDBOXING = YES;
				GCC_C_LANGUAGE_STANDARD = gnu17;
				GCC_DYNAMIC_NO_PIC = NO;
				GCC_NO_COMMON_BLOCKS = YES;
				GCC_OPTIMIZATION_LEVEL = 0;
				GCC_PREPROCESSOR_DEFINITIONS = (
					"DEBUG=1",
					"$(inherited)",
				);
				GCC_WARN_64_TO_32_BIT_CONVERSION = YES;
				GCC_WARN_ABOUT_RETURN_TYPE = YES_ERROR;
				GCC_WARN_UNDECLARED_SELECTOR = YES;
				GCC_WARN_UNINITIALIZED_AUTOS = YES_AGGRESSIVE;
				GCC_WARN_UNUSED_FUNCTION = YES;
				GCC_WARN_UNUSED_VARIABLE = YES;
				IPHONEOS_DEPLOYMENT_TARGET = 17.2;
				LOCALIZATION_PREFERS_STRING_CATALOGS = YES;
				MTL_ENABLE_DEBUG_INFO = INCLUDE_SOURCE;
				MTL_FAST_MATH = YES;
				ONLY_ACTIVE_ARCH = YES;
				SDKROOT = iphoneos;
				SWIFT_ACTIVE_COMPILATION_CONDITIONS = "DEBUG $(inherited)";
				SWIFT_OPTIMIZATION_LEVEL = "-Onone";
			};
			name = Debug;
		};
		3799B3A42BFE0E8100FE14B0 /* Release */ = {
			isa = XCBuildConfiguration;
			buildSettings = {
				ALWAYS_SEARCH_USER_PATHS = NO;
				ASSETCATALOG_COMPILER_GENERATE_SWIFT_ASSET_SYMBOL_EXTENSIONS = YES;
				CLANG_ANALYZER_NONNULL = YES;
				CLANG_ANALYZER_NUMBER_OBJECT_CONVERSION = YES_AGGRESSIVE;
				CLANG_CXX_LANGUAGE_STANDARD = "gnu++20";
				CLANG_ENABLE_MODULES = YES;
				CLANG_ENABLE_OBJC_ARC = YES;
				CLANG_ENABLE_OBJC_WEAK = YES;
				CLANG_WARN_BLOCK_CAPTURE_AUTORELEASING = YES;
				CLANG_WARN_BOOL_CONVERSION = YES;
				CLANG_WARN_COMMA = YES;
				CLANG_WARN_CONSTANT_CONVERSION = YES;
				CLANG_WARN_DEPRECATED_OBJC_IMPLEMENTATIONS = YES;
				CLANG_WARN_DIRECT_OBJC_ISA_USAGE = YES_ERROR;
				CLANG_WARN_DOCUMENTATION_COMMENTS = YES;
				CLANG_WARN_EMPTY_BODY = YES;
				CLANG_WARN_ENUM_CONVERSION = YES;
				CLANG_WARN_INFINITE_RECURSION = YES;
				CLANG_WARN_INT_CONVERSION = YES;
				CLANG_WARN_NON_LITERAL_NULL_CONVERSION = YES;
				CLANG_WARN_OBJC_IMPLICIT_RETAIN_SELF = YES;
				CLANG_WARN_OBJC_LITERAL_CONVERSION = YES;
				CLANG_WARN_OBJC_ROOT_CLASS = YES_ERROR;
				CLANG_WARN_QUOTED_INCLUDE_IN_FRAMEWORK_HEADER = YES;
				CLANG_WARN_RANGE_LOOP_ANALYSIS = YES;
				CLANG_WARN_STRICT_PROTOTYPES = YES;
				CLANG_WARN_SUSPICIOUS_MOVE = YES;
				CLANG_WARN_UNGUARDED_AVAILABILITY = YES_AGGRESSIVE;
				CLANG_WARN_UNREACHABLE_CODE = YES;
				CLANG_WARN__DUPLICATE_METHOD_MATCH = YES;
				COPY_PHASE_STRIP = NO;
				DEBUG_INFORMATION_FORMAT = "dwarf-with-dsym";
				ENABLE_NS_ASSERTIONS = NO;
				ENABLE_STRICT_OBJC_MSGSEND = YES;
				ENABLE_USER_SCRIPT_SANDBOXING = YES;
				GCC_C_LANGUAGE_STANDARD = gnu17;
				GCC_NO_COMMON_BLOCKS = YES;
				GCC_WARN_64_TO_32_BIT_CONVERSION = YES;
				GCC_WARN_ABOUT_RETURN_TYPE = YES_ERROR;
				GCC_WARN_UNDECLARED_SELECTOR = YES;
				GCC_WARN_UNINITIALIZED_AUTOS = YES_AGGRESSIVE;
				GCC_WARN_UNUSED_FUNCTION = YES;
				GCC_WARN_UNUSED_VARIABLE = YES;
				IPHONEOS_DEPLOYMENT_TARGET = 17.2;
				LOCALIZATION_PREFERS_STRING_CATALOGS = YES;
				MTL_ENABLE_DEBUG_INFO = NO;
				MTL_FAST_MATH = YES;
				SDKROOT = iphoneos;
				SWIFT_COMPILATION_MODE = wholemodule;
				VALIDATE_PRODUCT = YES;
			};
			name = Release;
		};
		3799B3A62BFE0E8100FE14B0 /* Debug */ = {
			isa = XCBuildConfiguration;
			buildSettings = {
				ASSETCATALOG_COMPILER_APPICON_NAME = AppIcon;
				ASSETCATALOG_COMPILER_GLOBAL_ACCENT_COLOR_NAME = AccentColor;
				CODE_SIGN_STYLE = Automatic;
				CURRENT_PROJECT_VERSION = 1;
				GENERATE_INFOPLIST_FILE = YES;
				INFOPLIST_FILE = "weather app/Info.plist";
				INFOPLIST_KEY_UIApplicationSupportsIndirectInputEvents = YES;
				INFOPLIST_KEY_UILaunchStoryboardName = LaunchScreen;
				INFOPLIST_KEY_UIMainStoryboardFile = Main;
				INFOPLIST_KEY_UISupportedInterfaceOrientations_iPad = "UIInterfaceOrientationPortrait UIInterfaceOrientationPortraitUpsideDown UIInterfaceOrientationLandscapeLeft UIInterfaceOrientationLandscapeRight";
				INFOPLIST_KEY_UISupportedInterfaceOrientations_iPhone = "UIInterfaceOrientationPortrait UIInterfaceOrientationLandscapeLeft UIInterfaceOrientationLandscapeRight";
				LD_RUNPATH_SEARCH_PATHS = (
					"$(inherited)",
					"@executable_path/Frameworks",
				);
				MARKETING_VERSION = 1.0;
				PRODUCT_BUNDLE_IDENTIFIER = "com.sumskarsystems.pod.weather-app";
				PRODUCT_NAME = "$(TARGET_NAME)";
				SWIFT_EMIT_LOC_STRINGS = YES;
				SWIFT_VERSION = 5.0;
				TARGETED_DEVICE_FAMILY = "1,2";
			};
			name = Debug;
		};
		3799B3A72BFE0E8100FE14B0 /* Release */ = {
			isa = XCBuildConfiguration;
			buildSettings = {
				ASSETCATALOG_COMPILER_APPICON_NAME = AppIcon;
				ASSETCATALOG_COMPILER_GLOBAL_ACCENT_COLOR_NAME = AccentColor;
				CODE_SIGN_STYLE = Automatic;
				CURRENT_PROJECT_VERSION = 1;
				GENERATE_INFOPLIST_FILE = YES;
				INFOPLIST_FILE = "weather app/Info.plist";
				INFOPLIST_KEY_UIApplicationSupportsIndirectInputEvents = YES;
				INFOPLIST_KEY_UILaunchStoryboardName = LaunchScreen;
				INFOPLIST_KEY_UIMainStoryboardFile = Main;
				INFOPLIST_KEY_UISupportedInterfaceOrientations_iPad = "UIInterfaceOrientationPortrait UIInterfaceOrientationPortraitUpsideDown UIInterfaceOrientationLandscapeLeft UIInterfaceOrientationLandscapeRight";
				INFOPLIST_KEY_UISupportedInterfaceOrientations_iPhone = "UIInterfaceOrientationPortrait UIInterfaceOrientationLandscapeLeft UIInterfaceOrientationLandscapeRight";
				LD_RUNPATH_SEARCH_PATHS = (
					"$(inherited)",
					"@executable_path/Frameworks",
				);
				MARKETING_VERSION = 1.0;
				PRODUCT_BUNDLE_IDENTIFIER = "com.sumskarsystems.pod.weather-app";
				PRODUCT_NAME = "$(TARGET_NAME)";
				SWIFT_EMIT_LOC_STRINGS = YES;
				SWIFT_VERSION = 5.0;
				TARGETED_DEVICE_FAMILY = "1,2";
			};
			name = Release;
		};
		3799B3A92BFE0E8100FE14B0 /* Debug */ = {
			isa = XCBuildConfiguration;
			buildSettings = {
				ALWAYS_EMBED_SWIFT_STANDARD_LIBRARIES = YES;
				BUNDLE_LOADER = "$(TEST_HOST)";
				CODE_SIGN_STYLE = Automatic;
				CURRENT_PROJECT_VERSION = 1;
				GENERATE_INFOPLIST_FILE = YES;
				IPHONEOS_DEPLOYMENT_TARGET = 17.2;
				MARKETING_VERSION = 1.0;
				PRODUCT_BUNDLE_IDENTIFIER = "com.sumskarsystems.pod.weather-appTests";
				PRODUCT_NAME = "$(TARGET_NAME)";
				SWIFT_EMIT_LOC_STRINGS = NO;
				SWIFT_VERSION = 5.0;
				TARGETED_DEVICE_FAMILY = "1,2";
				TEST_HOST = "$(BUILT_PRODUCTS_DIR)/weather app.app/$(BUNDLE_EXECUTABLE_FOLDER_PATH)/weather app";
			};
			name = Debug;
		};
		3799B3AA2BFE0E8100FE14B0 /* Release */ = {
			isa = XCBuildConfiguration;
			buildSettings = {
				ALWAYS_EMBED_SWIFT_STANDARD_LIBRARIES = YES;
				BUNDLE_LOADER = "$(TEST_HOST)";
				CODE_SIGN_STYLE = Automatic;
				CURRENT_PROJECT_VERSION = 1;
				GENERATE_INFOPLIST_FILE = YES;
				IPHONEOS_DEPLOYMENT_TARGET = 17.2;
				MARKETING_VERSION = 1.0;
				PRODUCT_BUNDLE_IDENTIFIER = "com.sumskarsystems.pod.weather-appTests";
				PRODUCT_NAME = "$(TARGET_NAME)";
				SWIFT_EMIT_LOC_STRINGS = NO;
				SWIFT_VERSION = 5.0;
				TARGETED_DEVICE_FAMILY = "1,2";
				TEST_HOST = "$(BUILT_PRODUCTS_DIR)/weather app.app/$(BUNDLE_EXECUTABLE_FOLDER_PATH)/weather app";
			};
			name = Release;
		};
		3799B3AC2BFE0E8100FE14B0 /* Debug */ = {
			isa = XCBuildConfiguration;
			buildSettings = {
				ALWAYS_EMBED_SWIFT_STANDARD_LIBRARIES = YES;
				CODE_SIGN_STYLE = Automatic;
				CURRENT_PROJECT_VERSION = 1;
				GENERATE_INFOPLIST_FILE = YES;
				MARKETING_VERSION = 1.0;
				PRODUCT_BUNDLE_IDENTIFIER = "com.sumskarsystems.pod.weather-appUITests";
				PRODUCT_NAME = "$(TARGET_NAME)";
				SWIFT_EMIT_LOC_STRINGS = NO;
				SWIFT_VERSION = 5.0;
				TARGETED_DEVICE_FAMILY = "1,2";
				TEST_TARGET_NAME = "weather app";
			};
			name = Debug;
		};
		3799B3AD2BFE0E8100FE14B0 /* Release */ = {
			isa = XCBuildConfiguration;
			buildSettings = {
				ALWAYS_EMBED_SWIFT_STANDARD_LIBRARIES = YES;
				CODE_SIGN_STYLE = Automatic;
				CURRENT_PROJECT_VERSION = 1;
				GENERATE_INFOPLIST_FILE = YES;
				MARKETING_VERSION = 1.0;
				PRODUCT_BUNDLE_IDENTIFIER = "com.sumskarsystems.pod.weather-appUITests";
				PRODUCT_NAME = "$(TARGET_NAME)";
				SWIFT_EMIT_LOC_STRINGS = NO;
				SWIFT_VERSION = 5.0;
				TARGETED_DEVICE_FAMILY = "1,2";
				TEST_TARGET_NAME = "weather app";
			};
			name = Release;
		};
/* End XCBuildConfiguration section */

/* Begin XCConfigurationList section */
		3799B3762BFE0E7F00FE14B0 /* Build configuration list for PBXProject "weather app" */ = {
			isa = XCConfigurationList;
			buildConfigurations = (
				3799B3A32BFE0E8100FE14B0 /* Debug */,
				3799B3A42BFE0E8100FE14B0 /* Release */,
			);
			defaultConfigurationIsVisible = 0;
			defaultConfigurationName = Release;
		};
		3799B3A52BFE0E8100FE14B0 /* Build configuration list for PBXNativeTarget "weather app" */ = {
			isa = XCConfigurationList;
			buildConfigurations = (
				3799B3A62BFE0E8100FE14B0 /* Debug */,
				3799B3A72BFE0E8100FE14B0 /* Release */,
			);
			defaultConfigurationIsVisible = 0;
			defaultConfigurationName = Release;
		};
		3799B3A82BFE0E8100FE14B0 /* Build configuration list for PBXNativeTarget "weather appTests" */ = {
			isa = XCConfigurationList;
			buildConfigurations = (
				3799B3A92BFE0E8100FE14B0 /* Debug */,
				3799B3AA2BFE0E8100FE14B0 /* Release */,
			);
			defaultConfigurationIsVisible = 0;
			defaultConfigurationName = Release;
		};
		3799B3AB2BFE0E8100FE14B0 /* Build configuration list for PBXNativeTarget "weather appUITests" */ = {
			isa = XCConfigurationList;
			buildConfigurations = (
				3799B3AC2BFE0E8100FE14B0 /* Debug */,
				3799B3AD2BFE0E8100FE14B0 /* Release */,
			);
			defaultConfigurationIsVisible = 0;
			defaultConfigurationName = Release;
		};
/* End XCConfigurationList section */
	};
	rootObject = 3799B3732BFE0E7F00FE14B0 /* Project object */;
}
